
Microsoft Visual Studio Solution File, Format Version 12.00
# Visual Studio Version 17
VisualStudioVersion = 17.10.35013.160
MinimumVisualStudioVersion = 10.0.40219.1
Project("{FAE04EC0-301F-11D3-BF4B-00C04F79EFBC}") = "ChessMarathon", "ChessMarathon.csproj", "{965C73E8-0B2C-42DD-933E-A8EEBC60D647}"
EndProject
Global
	GlobalSection(SolutionConfigurationPlatforms) = preSolution
		Debug|Any CPU = Debug|Any CPU
		Release|Any CPU = Release|Any CPU
	EndGlobalSection
	GlobalSection(ProjectConfigurationPlatforms) = postSolution
		{965C73E8-0B2C-42DD-933E-A8EEBC60D647}.Debug|Any CPU.ActiveCfg = Debug|Any CPU
		{965C73E8-0B2C-42DD-933E-A8EEBC60D647}.Debug|Any CPU.Build.0 = Debug|Any CPU
		{965C73E8-0B2C-42DD-933E-A8EEBC60D647}.Release|Any CPU.ActiveCfg = Release|Any CPU
		{965C73E8-0B2C-42DD-933E-A8EEBC60D647}.Release|Any CPU.Build.0 = Release|Any CPU
	EndGlobalSection
	GlobalSection(SolutionProperties) = preSolution
		HideSolutionNode = FALSE
	EndGlobalSection
	GlobalSection(ExtensibilityGlobals) = postSolution
		SolutionGuid = {2A97ED71-A592-4FAF-B8B2-48B2019F9D78}
	EndGlobalSection
EndGlobal
